
Microsoft Visual Studio Solution File, Format Version 12.00
# Visual Studio Version 16
VisualStudioVersion = 16.0.31613.86
MinimumVisualStudioVersion = 10.0.40219.1
Project("{FAE04EC0-301F-11D3-BF4B-00C04F79EFBC}") = "BaseDatos1", "BaseDatos1\BaseDatos1.csproj", "{8AA85D46-8CEE-4C20-A057-50E88C42CEE9}"
EndProject
Global
	GlobalSection(SolutionConfigurationPlatforms) = preSolution
		Debug|Any CPU = Debug|Any CPU
		Release|Any CPU = Release|Any CPU
	EndGlobalSection
	GlobalSection(ProjectConfigurationPlatforms) = postSolution
		{8AA85D46-8CEE-4C20-A057-50E88C42CEE9}.Debug|Any CPU.ActiveCfg = Debug|Any CPU
		{8AA85D46-8CEE-4C20-A057-50E88C42CEE9}.Debug|Any CPU.Build.0 = Debug|Any CPU
		{8AA85D46-8CEE-4C20-A057-50E88C42CEE9}.Release|Any CPU.ActiveCfg = Release|Any CPU
		{8AA85D46-8CEE-4C20-A057-50E88C42CEE9}.Release|Any CPU.Build.0 = Release|Any CPU
	EndGlobalSection
	GlobalSection(SolutionProperties) = preSolution
		HideSolutionNode = FALSE
	EndGlobalSection
	GlobalSection(ExtensibilityGlobals) = postSolution
		SolutionGuid = {411FE2D3-0855-4DAD-86D2-DC41B186FEBB}
	EndGlobalSection
EndGlobal
