
Microsoft Visual Studio Solution File, Format Version 12.00
# Visual Studio Version 16
VisualStudioVersion = 16.0.31613.86
MinimumVisualStudioVersion = 10.0.40219.1
Project("{FAE04EC0-301F-11D3-BF4B-00C04F79EFBC}") = "proyecto16", "proyecto16\proyecto16.csproj", "{C1076A02-2D3B-4EF6-8F60-09FE70779AC1}"
EndProject
Global
	GlobalSection(SolutionConfigurationPlatforms) = preSolution
		Debug|Any CPU = Debug|Any CPU
		Release|Any CPU = Release|Any CPU
	EndGlobalSection
	GlobalSection(ProjectConfigurationPlatforms) = postSolution
		{C1076A02-2D3B-4EF6-8F60-09FE70779AC1}.Debug|Any CPU.ActiveCfg = Debug|Any CPU
		{C1076A02-2D3B-4EF6-8F60-09FE70779AC1}.Debug|Any CPU.Build.0 = Debug|Any CPU
		{C1076A02-2D3B-4EF6-8F60-09FE70779AC1}.Release|Any CPU.ActiveCfg = Release|Any CPU
		{C1076A02-2D3B-4EF6-8F60-09FE70779AC1}.Release|Any CPU.Build.0 = Release|Any CPU
	EndGlobalSection
	GlobalSection(SolutionProperties) = preSolution
		HideSolutionNode = FALSE
	EndGlobalSection
	GlobalSection(ExtensibilityGlobals) = postSolution
		SolutionGuid = {8F5A633B-0EB4-497E-A890-C508803617B1}
	EndGlobalSection
EndGlobal
