
Microsoft Visual Studio Solution File, Format Version 12.00
# Visual Studio Version 16
VisualStudioVersion = 16.0.31613.86
MinimumVisualStudioVersion = 10.0.40219.1
Project("{FAE04EC0-301F-11D3-BF4B-00C04F79EFBC}") = "proyecto15", "proyecto15\proyecto15.csproj", "{F65338C0-18D9-4199-B755-B45D1B933F52}"
EndProject
Global
	GlobalSection(SolutionConfigurationPlatforms) = preSolution
		Debug|Any CPU = Debug|Any CPU
		Release|Any CPU = Release|Any CPU
	EndGlobalSection
	GlobalSection(ProjectConfigurationPlatforms) = postSolution
		{F65338C0-18D9-4199-B755-B45D1B933F52}.Debug|Any CPU.ActiveCfg = Debug|Any CPU
		{F65338C0-18D9-4199-B755-B45D1B933F52}.Debug|Any CPU.Build.0 = Debug|Any CPU
		{F65338C0-18D9-4199-B755-B45D1B933F52}.Release|Any CPU.ActiveCfg = Release|Any CPU
		{F65338C0-18D9-4199-B755-B45D1B933F52}.Release|Any CPU.Build.0 = Release|Any CPU
	EndGlobalSection
	GlobalSection(SolutionProperties) = preSolution
		HideSolutionNode = FALSE
	EndGlobalSection
	GlobalSection(ExtensibilityGlobals) = postSolution
		SolutionGuid = {52BC56A0-1D2A-4B7E-B87F-F5178DA72698}
	EndGlobalSection
EndGlobal
